// !$*UTF8*$!
{
	archiveVersion = 1;
	classes = {
	};
	objectVersion = 50;
	objects = {

/* Begin PBXBuildFile section */
		8CA69E1C2D609A6525BC227C /* Pods_Todoey.framework in Frameworks */ = {isa = PBXBuildFile; fileRef = 2A303898B3B73C733F5F4736 /* Pods_Todoey.framework */; };
		AC262B9521DD13110070EDD5 /* AppDelegate.swift in Sources */ = {isa = PBXBuildFile; fileRef = AC262B9421DD13110070EDD5 /* AppDelegate.swift */; };
		AC262B9721DD13110070EDD5 /* TodoListViewController.swift in Sources */ = {isa = PBXBuildFile; fileRef = AC262B9621DD13110070EDD5 /* TodoListViewController.swift */; };
		AC262B9A21DD13110070EDD5 /* Main.storyboard in Resources */ = {isa = PBXBuildFile; fileRef = AC262B9821DD13110070EDD5 /* Main.storyboard */; };
		AC262B9C21DD13140070EDD5 /* Assets.xcassets in Resources */ = {isa = PBXBuildFile; fileRef = AC262B9B21DD13140070EDD5 /* Assets.xcassets */; };
		AC262B9F21DD13140070EDD5 /* LaunchScreen.storyboard in Resources */ = {isa = PBXBuildFile; fileRef = AC262B9D21DD13140070EDD5 /* LaunchScreen.storyboard */; };
		AC28EE1621E3BE650051FF3C /* CategoryTableViewController.swift in Sources */ = {isa = PBXBuildFile; fileRef = AC28EE1521E3BE650051FF3C /* CategoryTableViewController.swift */; };
		ACEC6B6921E76A69001882B8 /* Item.swift in Sources */ = {isa = PBXBuildFile; fileRef = ACEC6B6821E76A69001882B8 /* Item.swift */; };
		ACEC6B6B21E76A7E001882B8 /* Category.swift in Sources */ = {isa = PBXBuildFile; fileRef = ACEC6B6A21E76A7E001882B8 /* Category.swift */; };
/* End PBXBuildFile section */

/* Begin PBXFileReference section */
		2A303898B3B73C733F5F4736 /* Pods_Todoey.framework */ = {isa = PBXFileReference; explicitFileType = wrapper.framework; includeInIndex = 0; path = Pods_Todoey.framework; sourceTree = BUILT_PRODUCTS_DIR; };
		4D795AC34310ACB8442667EC /* Pods-Todoey.release.xcconfig */ = {isa = PBXFileReference; includeInIndex = 1; lastKnownFileType = text.xcconfig; name = "Pods-Todoey.release.xcconfig"; path = "Pods/Target Support Files/Pods-Todoey/Pods-Todoey.release.xcconfig"; sourceTree = "<group>"; };
		AC262B9121DD13110070EDD5 /* Todoey.app */ = {isa = PBXFileReference; explicitFileType = wrapper.application; includeInIndex = 0; path = Todoey.app; sourceTree = BUILT_PRODUCTS_DIR; };
		AC262B9421DD13110070EDD5 /* AppDelegate.swift */ = {isa = PBXFileReference; lastKnownFileType = sourcecode.swift; path = AppDelegate.swift; sourceTree = "<group>"; };
		AC262B9621DD13110070EDD5 /* TodoListViewController.swift */ = {isa = PBXFileReference; lastKnownFileType = sourcecode.swift; path = TodoListViewController.swift; sourceTree = "<group>"; };
		AC262B9921DD13110070EDD5 /* Base */ = {isa = PBXFileReference; lastKnownFileType = file.storyboard; name = Base; path = Base.lproj/Main.storyboard; sourceTree = "<group>"; };
		AC262B9B21DD13140070EDD5 /* Assets.xcassets */ = {isa = PBXFileReference; lastKnownFileType = folder.assetcatalog; path = Assets.xcassets; sourceTree = "<group>"; };
		AC262B9E21DD13140070EDD5 /* Base */ = {isa = PBXFileReference; lastKnownFileType = file.storyboard; name = Base; path = Base.lproj/LaunchScreen.storyboard; sourceTree = "<group>"; };
		AC262BA021DD13140070EDD5 /* Info.plist */ = {isa = PBXFileReference; lastKnownFileType = text.plist.xml; path = Info.plist; sourceTree = "<group>"; };
		AC28EE1521E3BE650051FF3C /* CategoryTableViewController.swift */ = {isa = PBXFileReference; lastKnownFileType = sourcecode.swift; name = CategoryTableViewController.swift; path = Todoey/Controllers/CategoryTableViewController.swift; sourceTree = SOURCE_ROOT; };
		ACEC6B6821E76A69001882B8 /* Item.swift */ = {isa = PBXFileReference; lastKnownFileType = sourcecode.swift; path = Item.swift; sourceTree = "<group>"; };
		ACEC6B6A21E76A7E001882B8 /* Category.swift */ = {isa = PBXFileReference; lastKnownFileType = sourcecode.swift; path = Category.swift; sourceTree = "<group>"; };
		E4FF13ABB2AC0FB931C4A34A /* Pods-Todoey.debug.xcconfig */ = {isa = PBXFileReference; includeInIndex = 1; lastKnownFileType = text.xcconfig; name = "Pods-Todoey.debug.xcconfig"; path = "Pods/Target Support Files/Pods-Todoey/Pods-Todoey.debug.xcconfig"; sourceTree = "<group>"; };
/* End PBXFileReference section */

/* Begin PBXFrameworksBuildPhase section */
		AC262B8E21DD13100070EDD5 /* Frameworks */ = {
			isa = PBXFrameworksBuildPhase;
			buildActionMask = 2147483647;
			files = (
				8CA69E1C2D609A6525BC227C /* Pods_Todoey.framework in Frameworks */,
			);
			runOnlyForDeploymentPostprocessing = 0;
		};
/* End PBXFrameworksBuildPhase section */

/* Begin PBXGroup section */
		9BACAF2D68D5CB8946F17A98 /* Pods */ = {
			isa = PBXGroup;
			children = (
				E4FF13ABB2AC0FB931C4A34A /* Pods-Todoey.debug.xcconfig */,
				4D795AC34310ACB8442667EC /* Pods-Todoey.release.xcconfig */,
			);
			name = Pods;
			sourceTree = "<group>";
		};
		AC262B8821DD13100070EDD5 = {
			isa = PBXGroup;
			children = (
				AC262B9321DD13110070EDD5 /* Todoey */,
				AC262B9221DD13110070EDD5 /* Products */,
				9BACAF2D68D5CB8946F17A98 /* Pods */,
				B5CAE73F49E03DD7EA6F4110 /* Frameworks */,
			);
			sourceTree = "<group>";
		};
		AC262B9221DD13110070EDD5 /* Products */ = {
			isa = PBXGroup;
			children = (
				AC262B9121DD13110070EDD5 /* Todoey.app */,
			);
			name = Products;
			sourceTree = "<group>";
		};
		AC262B9321DD13110070EDD5 /* Todoey */ = {
			isa = PBXGroup;
			children = (
				AC262B9421DD13110070EDD5 /* AppDelegate.swift */,
				ACC56C3921DE2F74002B48AA /* Controllers */,
				ACC56C3821DE2F21002B48AA /* Views */,
				ACC56C3721DE2F15002B48AA /* Data Model */,
				AC262B9B21DD13140070EDD5 /* Assets.xcassets */,
				AC262B9D21DD13140070EDD5 /* LaunchScreen.storyboard */,
				AC262BA021DD13140070EDD5 /* Info.plist */,
			);
			path = Todoey;
			sourceTree = "<group>";
		};
		ACC56C3721DE2F15002B48AA /* Data Model */ = {
			isa = PBXGroup;
			children = (
				ACEC6B6A21E76A7E001882B8 /* Category.swift */,
				ACEC6B6821E76A69001882B8 /* Item.swift */,
			);
			path = "Data Model";
			sourceTree = "<group>";
		};
		ACC56C3821DE2F21002B48AA /* Views */ = {
			isa = PBXGroup;
			children = (
				AC262B9821DD13110070EDD5 /* Main.storyboard */,
			);
			path = Views;
			sourceTree = "<group>";
		};
		ACC56C3921DE2F74002B48AA /* Controllers */ = {
			isa = PBXGroup;
			children = (
				AC28EE1521E3BE650051FF3C /* CategoryTableViewController.swift */,
				AC262B9621DD13110070EDD5 /* TodoListViewController.swift */,
			);
			path = Controllers;
			sourceTree = "<group>";
		};
		B5CAE73F49E03DD7EA6F4110 /* Frameworks */ = {
			isa = PBXGroup;
			children = (
				2A303898B3B73C733F5F4736 /* Pods_Todoey.framework */,
			);
			name = Frameworks;
			sourceTree = "<group>";
		};
/* End PBXGroup section */

/* Begin PBXNativeTarget section */
		AC262B9021DD13100070EDD5 /* Todoey */ = {
			isa = PBXNativeTarget;
			buildConfigurationList = AC262BA321DD13140070EDD5 /* Build configuration list for PBXNativeTarget "Todoey" */;
			buildPhases = (
				E4BEFC720A14EB2902948585 /* [CP] Check Pods Manifest.lock */,
				AC262B8D21DD13100070EDD5 /* Sources */,
				AC262B8E21DD13100070EDD5 /* Frameworks */,
				AC262B8F21DD13100070EDD5 /* Resources */,
				301BFCE9FADB98BA1C297A9A /* [CP] Embed Pods Frameworks */,
			);
			buildRules = (
			);
			dependencies = (
			);
			name = Todoey;
			productName = Todoey;
			productReference = AC262B9121DD13110070EDD5 /* Todoey.app */;
			productType = "com.apple.product-type.application";
		};
/* End PBXNativeTarget section */

/* Begin PBXProject section */
		AC262B8921DD13100070EDD5 /* Project object */ = {
			isa = PBXProject;
			attributes = {
				LastSwiftUpdateCheck = 1010;
				LastUpgradeCheck = 1010;
				ORGANIZATIONNAME = "Mark Richard Tiddy";
				TargetAttributes = {
					AC262B9021DD13100070EDD5 = {
						CreatedOnToolsVersion = 10.1;
					};
				};
			};
			buildConfigurationList = AC262B8C21DD13100070EDD5 /* Build configuration list for PBXProject "Todoey" */;
			compatibilityVersion = "Xcode 9.3";
			developmentRegion = en;
			hasScannedForEncodings = 0;
			knownRegions = (
				en,
				Base,
			);
			mainGroup = AC262B8821DD13100070EDD5;
			productRefGroup = AC262B9221DD13110070EDD5 /* Products */;
			projectDirPath = "";
			projectRoot = "";
			targets = (
				AC262B9021DD13100070EDD5 /* Todoey */,
			);
		};
/* End PBXProject section */

/* Begin PBXResourcesBuildPhase section */
		AC262B8F21DD13100070EDD5 /* Resources */ = {
			isa = PBXResourcesBuildPhase;
			buildActionMask = 2147483647;
			files = (
				AC262B9F21DD13140070EDD5 /* LaunchScreen.storyboard in Resources */,
				AC262B9C21DD13140070EDD5 /* Assets.xcassets in Resources */,
				AC262B9A21DD13110070EDD5 /* Main.storyboard in Resources */,
			);
			runOnlyForDeploymentPostprocessing = 0;
		};
/* End PBXResourcesBuildPhase section */

/* Begin PBXShellScriptBuildPhase section */
		301BFCE9FADB98BA1C297A9A /* [CP] Embed Pods Frameworks */ = {
			isa = PBXShellScriptBuildPhase;
			buildActionMask = 2147483647;
			files = (
			);
			inputPaths = (
				"${SRCROOT}/Pods/Target Support Files/Pods-Todoey/Pods-Todoey-frameworks.sh",
				"${BUILT_PRODUCTS_DIR}/Realm/Realm.framework",
				"${BUILT_PRODUCTS_DIR}/RealmSwift/RealmSwift.framework",
			);
			name = "[CP] Embed Pods Frameworks";
			outputPaths = (
				"${TARGET_BUILD_DIR}/${FRAMEWORKS_FOLDER_PATH}/Realm.framework",
				"${TARGET_BUILD_DIR}/${FRAMEWORKS_FOLDER_PATH}/RealmSwift.framework",
			);
			runOnlyForDeploymentPostprocessing = 0;
			shellPath = /bin/sh;
			shellScript = "\"${SRCROOT}/Pods/Target Support Files/Pods-Todoey/Pods-Todoey-frameworks.sh\"\n";
			showEnvVarsInLog = 0;
		};
		E4BEFC720A14EB2902948585 /* [CP] Check Pods Manifest.lock */ = {
			isa = PBXShellScriptBuildPhase;
			buildActionMask = 2147483647;
			files = (
			);
			inputPaths = (
				"${PODS_PODFILE_DIR_PATH}/Podfile.lock",
				"${PODS_ROOT}/Manifest.lock",
			);
			name = "[CP] Check Pods Manifest.lock";
			outputPaths = (
				"$(DERIVED_FILE_DIR)/Pods-Todoey-checkManifestLockResult.txt",
			);
			runOnlyForDeploymentPostprocessing = 0;
			shellPath = /bin/sh;
			shellScript = "diff \"${PODS_PODFILE_DIR_PATH}/Podfile.lock\" \"${PODS_ROOT}/Manifest.lock\" > /dev/null\nif [ $? != 0 ] ; then\n    # print error to STDERR\n    echo \"error: The sandbox is not in sync with the Podfile.lock. Run 'pod install' or update your CocoaPods installation.\" >&2\n    exit 1\nfi\n# This output is used by Xcode 'outputs' to avoid re-running this script phase.\necho \"SUCCESS\" > \"${SCRIPT_OUTPUT_FILE_0}\"\n";
			showEnvVarsInLog = 0;
		};
/* End PBXShellScriptBuildPhase section */

/* Begin PBXSourcesBuildPhase section */
		AC262B8D21DD13100070EDD5 /* Sources */ = {
			isa = PBXSourcesBuildPhase;
			buildActionMask = 2147483647;
			files = (
				ACEC6B6921E76A69001882B8 /* Item.swift in Sources */,
				AC262B9721DD13110070EDD5 /* TodoListViewController.swift in Sources */,
				AC262B9521DD13110070EDD5 /* AppDelegate.swift in Sources */,
				AC28EE1621E3BE650051FF3C /* CategoryTableViewController.swift in Sources */,
				ACEC6B6B21E76A7E001882B8 /* Category.swift in Sources */,
			);
			runOnlyForDeploymentPostprocessing = 0;
		};
/* End PBXSourcesBuildPhase section */

/* Begin PBXVariantGroup section */
		AC262B9821DD13110070EDD5 /* Main.storyboard */ = {
			isa = PBXVariantGroup;
			children = (
				AC262B9921DD13110070EDD5 /* Base */,
			);
			name = Main.storyboard;
			sourceTree = "<group>";
		};
		AC262B9D21DD13140070EDD5 /* LaunchScreen.storyboard */ = {
			isa = PBXVariantGroup;
			children = (
				AC262B9E21DD13140070EDD5 /* Base */,
			);
			name = LaunchScreen.storyboard;
			sourceTree = "<group>";
		};
/* End PBXVariantGroup section */

/* Begin XCBuildConfiguration section */
		AC262BA121DD13140070EDD5 /* Debug */ = {
			isa = XCBuildConfiguration;
			buildSettings = {
				ALWAYS_SEARCH_USER_PATHS = NO;
				CLANG_ANALYZER_NONNULL = YES;
				CLANG_ANALYZER_NUMBER_OBJECT_CONVERSION = YES_AGGRESSIVE;
				CLANG_CXX_LANGUAGE_STANDARD = "gnu++14";
				CLANG_CXX_LIBRARY = "libc++";
				CLANG_ENABLE_MODULES = YES;
				CLANG_ENABLE_OBJC_ARC = YES;
				CLANG_ENABLE_OBJC_WEAK = YES;
				CLANG_WARN_BLOCK_CAPTURE_AUTORELEASING = YES;
				CLANG_WARN_BOOL_CONVERSION = YES;
				CLANG_WARN_COMMA = YES;
				CLANG_WARN_CONSTANT_CONVERSION = YES;
				CLANG_WARN_DEPRECATED_OBJC_IMPLEMENTATIONS = YES;
				CLANG_WARN_DIRECT_OBJC_ISA_USAGE = YES_ERROR;
				CLANG_WARN_DOCUMENTATION_COMMENTS = YES;
				CLANG_WARN_EMPTY_BODY = YES;
				CLANG_WARN_ENUM_CONVERSION = YES;
				CLANG_WARN_INFINITE_RECURSION = YES;
				CLANG_WARN_INT_CONVERSION = YES;
				CLANG_WARN_NON_LITERAL_NULL_CONVERSION = YES;
				CLANG_WARN_OBJC_IMPLICIT_RETAIN_SELF = YES;
				CLANG_WARN_OBJC_LITERAL_CONVERSION = YES;
				CLANG_WARN_OBJC_ROOT_CLASS = YES_ERROR;
				CLANG_WARN_RANGE_LOOP_ANALYSIS = YES;
				CLANG_WARN_STRICT_PROTOTYPES = YES;
				CLANG_WARN_SUSPICIOUS_MOVE = YES;
				CLANG_WARN_UNGUARDED_AVAILABILITY = YES_AGGRESSIVE;
				CLANG_WARN_UNREACHABLE_CODE = YES;
				CLANG_WARN__DUPLICATE_METHOD_MATCH = YES;
				CODE_SIGN_IDENTITY = "iPhone Developer";
				COPY_PHASE_STRIP = NO;
				DEBUG_INFORMATION_FORMAT = dwarf;
				ENABLE_STRICT_OBJC_MSGSEND = YES;
				ENABLE_TESTABILITY = YES;
				GCC_C_LANGUAGE_STANDARD = gnu11;
				GCC_DYNAMIC_NO_PIC = NO;
				GCC_NO_COMMON_BLOCKS = YES;
				GCC_OPTIMIZATION_LEVEL = 0;
				GCC_PREPROCESSOR_DEFINITIONS = (
					"DEBUG=1",
					"$(inherited)",
				);
				GCC_WARN_64_TO_32_BIT_CONVERSION = YES;
				GCC_WARN_ABOUT_RETURN_TYPE = YES_ERROR;
				GCC_WARN_UNDECLARED_SELECTOR = YES;
				GCC_WARN_UNINITIALIZED_AUTOS = YES_AGGRESSIVE;
				GCC_WARN_UNUSED_FUNCTION = YES;
				GCC_WARN_UNUSED_VARIABLE = YES;
				IPHONEOS_DEPLOYMENT_TARGET = 12.1;
				MTL_ENABLE_DEBUG_INFO = INCLUDE_SOURCE;
				MTL_FAST_MATH = YES;
				ONLY_ACTIVE_ARCH = YES;
				SDKROOT = iphoneos;
				SWIFT_ACTIVE_COMPILATION_CONDITIONS = DEBUG;
				SWIFT_OPTIMIZATION_LEVEL = "-Onone";
			};
			name = Debug;
		};
		AC262BA221DD13140070EDD5 /* Release */ = {
			isa = XCBuildConfiguration;
			buildSettings = {
				ALWAYS_SEARCH_USER_PATHS = NO;
				CLANG_ANALYZER_NONNULL = YES;
				CLANG_ANALYZER_NUMBER_OBJECT_CONVERSION = YES_AGGRESSIVE;
				CLANG_CXX_LANGUAGE_STANDARD = "gnu++14";
				CLANG_CXX_LIBRARY = "libc++";
				CLANG_ENABLE_MODULES = YES;
				CLANG_ENABLE_OBJC_ARC = YES;
				CLANG_ENABLE_OBJC_WEAK = YES;
				CLANG_WARN_BLOCK_CAPTURE_AUTORELEASING = YES;
				CLANG_WARN_BOOL_CONVERSION = YES;
				CLANG_WARN_COMMA = YES;
				CLANG_WARN_CONSTANT_CONVERSION = YES;
				CLANG_WARN_DEPRECATED_OBJC_IMPLEMENTATIONS = YES;
				CLANG_WARN_DIRECT_OBJC_ISA_USAGE = YES_ERROR;
				CLANG_WARN_DOCUMENTATION_COMMENTS = YES;
				CLANG_WARN_EMPTY_BODY = YES;
				CLANG_WARN_ENUM_CONVERSION = YES;
				CLANG_WARN_INFINITE_RECURSION = YES;
				CLANG_WARN_INT_CONVERSION = YES;
				CLANG_WARN_NON_LITERAL_NULL_CONVERSION = YES;
				CLANG_WARN_OBJC_IMPLICIT_RETAIN_SELF = YES;
				CLANG_WARN_OBJC_LITERAL_CONVERSION = YES;
				CLANG_WARN_OBJC_ROOT_CLASS = YES_ERROR;
				CLANG_WARN_RANGE_LOOP_ANALYSIS = YES;
				CLANG_WARN_STRICT_PROTOTYPES = YES;
				CLANG_WARN_SUSPICIOUS_MOVE = YES;
				CLANG_WARN_UNGUARDED_AVAILABILITY = YES_AGGRESSIVE;
				CLANG_WARN_UNREACHABLE_CODE = YES;
				CLANG_WARN__DUPLICATE_METHOD_MATCH = YES;
				CODE_SIGN_IDENTITY = "iPhone Developer";
				COPY_PHASE_STRIP = NO;
				DEBUG_INFORMATION_FORMAT = "dwarf-with-dsym";
				ENABLE_NS_ASSERTIONS = NO;
				ENABLE_STRICT_OBJC_MSGSEND = YES;
				GCC_C_LANGUAGE_STANDARD = gnu11;
				GCC_NO_COMMON_BLOCKS = YES;
				GCC_WARN_64_TO_32_BIT_CONVERSION = YES;
				GCC_WARN_ABOUT_RETURN_TYPE = YES_ERROR;
				GCC_WARN_UNDECLARED_SELECTOR = YES;
				GCC_WARN_UNINITIALIZED_AUTOS = YES_AGGRESSIVE;
				GCC_WARN_UNUSED_FUNCTION = YES;
				GCC_WARN_UNUSED_VARIABLE = YES;
				IPHONEOS_DEPLOYMENT_TARGET = 12.1;
				MTL_ENABLE_DEBUG_INFO = NO;
				MTL_FAST_MATH = YES;
				SDKROOT = iphoneos;
				SWIFT_COMPILATION_MODE = wholemodule;
				SWIFT_OPTIMIZATION_LEVEL = "-O";
				VALIDATE_PRODUCT = YES;
			};
			name = Release;
		};
		AC262BA421DD13140070EDD5 /* Debug */ = {
			isa = XCBuildConfiguration;
			baseConfigurationReference = E4FF13ABB2AC0FB931C4A34A /* Pods-Todoey.debug.xcconfig */;
			buildSettings = {
				ASSETCATALOG_COMPILER_APPICON_NAME = AppIcon;
				CODE_SIGN_STYLE = Automatic;
				DEVELOPMENT_TEAM = H3U3EZR867;
				INFOPLIST_FILE = Todoey/Info.plist;
				LD_RUNPATH_SEARCH_PATHS = (
					"$(inherited)",
					"@executable_path/Frameworks",
				);
				PRODUCT_BUNDLE_IDENTIFIER = com.mtmedia.Todoey;
				PRODUCT_NAME = "$(TARGET_NAME)";
				SWIFT_VERSION = 4.2;
				TARGETED_DEVICE_FAMILY = "1,2";
			};
			name = Debug;
		};
		AC262BA521DD13140070EDD5 /* Release */ = {
			isa = XCBuildConfiguration;
			baseConfigurationReference = 4D795AC34310ACB8442667EC /* Pods-Todoey.release.xcconfig */;
			buildSettings = {
				ASSETCATALOG_COMPILER_APPICON_NAME = AppIcon;
				CODE_SIGN_STYLE = Automatic;
				DEVELOPMENT_TEAM = H3U3EZR867;
				INFOPLIST_FILE = Todoey/Info.plist;
				LD_RUNPATH_SEARCH_PATHS = (
					"$(inherited)",
					"@executable_path/Frameworks",
				);
				PRODUCT_BUNDLE_IDENTIFIER = com.mtmedia.Todoey;
				PRODUCT_NAME = "$(TARGET_NAME)";
				SWIFT_VERSION = 4.2;
				TARGETED_DEVICE_FAMILY = "1,2";
			};
			name = Release;
		};
/* End XCBuildConfiguration section */

/* Begin XCConfigurationList section */
		AC262B8C21DD13100070EDD5 /* Build configuration list for PBXProject "Todoey" */ = {
			isa = XCConfigurationList;
			buildConfigurations = (
				AC262BA121DD13140070EDD5 /* Debug */,
				AC262BA221DD13140070EDD5 /* Release */,
			);
			defaultConfigurationIsVisible = 0;
			defaultConfigurationName = Release;
		};
		AC262BA321DD13140070EDD5 /* Build configuration list for PBXNativeTarget "Todoey" */ = {
			isa = XCConfigurationList;
			buildConfigurations = (
				AC262BA421DD13140070EDD5 /* Debug */,
				AC262BA521DD13140070EDD5 /* Release */,
			);
			defaultConfigurationIsVisible = 0;
			defaultConfigurationName = Release;
		};
/* End XCConfigurationList section */
	};
	rootObject = AC262B8921DD13100070EDD5 /* Project object */;
}
